
Microsoft Visual Studio Solution File, Format Version 12.00
# Visual Studio 14
VisualStudioVersion = 14.0.25420.1
MinimumVisualStudioVersion = 10.0.40219.1
Project("{D954291E-2A0B-460D-934E-DC6B0785DB48}") = "irseenet", "irseenet.shproj", "{305F0A74-6B15-45DC-ABC9-6B666A24A68D}"
EndProject
Project("{2150E333-8FDC-42A3-9474-1A3956D46DE8}") = "src", "src", "{C534EE36-42AF-4532-94A9-BDDA287BA52E}"
EndProject
Project("{8BB2217D-0F2D-49D1-97BC-3654ED321F3B}") = "IrcClient", "src\IrcClient\IrcClient.xproj", "{74E0D735-48ED-40F0-AE21-4A45EEBA35E6}"
EndProject
Project("{2150E333-8FDC-42A3-9474-1A3956D46DE8}") = "test", "test", "{1DC74E23-020D-4279-BB4C-6ECADCE0DB93}"
EndProject
Project("{8BB2217D-0F2D-49D1-97BC-3654ED321F3B}") = "IrcClient.Tests", "test\IrcClient.Tests\IrcClient.Tests.xproj", "{F5BFD2B8-8433-416B-BEF0-719DC375F404}"
EndProject
Project("{8BB2217D-0F2D-49D1-97BC-3654ED321F3B}") = "Helpr", "src\Helpr\Helpr.xproj", "{7534E10D-3971-42D4-98AF-95C54C23111D}"
EndProject
Project("{8BB2217D-0F2D-49D1-97BC-3654ED321F3B}") = "ChatBot", "src\ChatBot\ChatBot.xproj", "{9358AFBB-84DA-46F3-BE87-B0D583E9AFDE}"
EndProject
Project("{8BB2217D-0F2D-49D1-97BC-3654ED321F3B}") = "ChatBot.Tests", "test\ChatBot.Tests\ChatBot.Tests.xproj", "{740DA0C5-221A-44E2-9BC9-5A766B9BCC81}"
EndProject
Project("{8BB2217D-0F2D-49D1-97BC-3654ED321F3B}") = "Helpr.Tests", "test\Helpr.Tests\Helpr.Tests.xproj", "{F4D2EAF0-3F1D-4A20-AC0D-3AAF0028A5C7}"
EndProject
Global
	GlobalSection(SharedMSBuildProjectFiles) = preSolution
		irseenet.projitems*{305f0a74-6b15-45dc-abc9-6b666a24a68d}*SharedItemsImports = 13
	EndGlobalSection
	GlobalSection(SolutionConfigurationPlatforms) = preSolution
		Debug|Any CPU = Debug|Any CPU
		Release|Any CPU = Release|Any CPU
	EndGlobalSection
	GlobalSection(ProjectConfigurationPlatforms) = postSolution
		{74E0D735-48ED-40F0-AE21-4A45EEBA35E6}.Debug|Any CPU.ActiveCfg = Debug|Any CPU
		{74E0D735-48ED-40F0-AE21-4A45EEBA35E6}.Debug|Any CPU.Build.0 = Debug|Any CPU
		{74E0D735-48ED-40F0-AE21-4A45EEBA35E6}.Release|Any CPU.ActiveCfg = Release|Any CPU
		{74E0D735-48ED-40F0-AE21-4A45EEBA35E6}.Release|Any CPU.Build.0 = Release|Any CPU
		{F5BFD2B8-8433-416B-BEF0-719DC375F404}.Debug|Any CPU.ActiveCfg = Debug|Any CPU
		{F5BFD2B8-8433-416B-BEF0-719DC375F404}.Debug|Any CPU.Build.0 = Debug|Any CPU
		{F5BFD2B8-8433-416B-BEF0-719DC375F404}.Release|Any CPU.ActiveCfg = Release|Any CPU
		{F5BFD2B8-8433-416B-BEF0-719DC375F404}.Release|Any CPU.Build.0 = Release|Any CPU
		{7534E10D-3971-42D4-98AF-95C54C23111D}.Debug|Any CPU.ActiveCfg = Debug|Any CPU
		{7534E10D-3971-42D4-98AF-95C54C23111D}.Debug|Any CPU.Build.0 = Debug|Any CPU
		{7534E10D-3971-42D4-98AF-95C54C23111D}.Release|Any CPU.ActiveCfg = Release|Any CPU
		{7534E10D-3971-42D4-98AF-95C54C23111D}.Release|Any CPU.Build.0 = Release|Any CPU
		{9358AFBB-84DA-46F3-BE87-B0D583E9AFDE}.Debug|Any CPU.ActiveCfg = Debug|Any CPU
		{9358AFBB-84DA-46F3-BE87-B0D583E9AFDE}.Debug|Any CPU.Build.0 = Debug|Any CPU
		{9358AFBB-84DA-46F3-BE87-B0D583E9AFDE}.Release|Any CPU.ActiveCfg = Release|Any CPU
		{9358AFBB-84DA-46F3-BE87-B0D583E9AFDE}.Release|Any CPU.Build.0 = Release|Any CPU
		{740DA0C5-221A-44E2-9BC9-5A766B9BCC81}.Debug|Any CPU.ActiveCfg = Debug|Any CPU
		{740DA0C5-221A-44E2-9BC9-5A766B9BCC81}.Debug|Any CPU.Build.0 = Debug|Any CPU
		{740DA0C5-221A-44E2-9BC9-5A766B9BCC81}.Release|Any CPU.ActiveCfg = Release|Any CPU
		{740DA0C5-221A-44E2-9BC9-5A766B9BCC81}.Release|Any CPU.Build.0 = Release|Any CPU
		{F4D2EAF0-3F1D-4A20-AC0D-3AAF0028A5C7}.Debug|Any CPU.ActiveCfg = Debug|Any CPU
		{F4D2EAF0-3F1D-4A20-AC0D-3AAF0028A5C7}.Debug|Any CPU.Build.0 = Debug|Any CPU
		{F4D2EAF0-3F1D-4A20-AC0D-3AAF0028A5C7}.Release|Any CPU.ActiveCfg = Release|Any CPU
		{F4D2EAF0-3F1D-4A20-AC0D-3AAF0028A5C7}.Release|Any CPU.Build.0 = Release|Any CPU
	EndGlobalSection
	GlobalSection(SolutionProperties) = preSolution
		HideSolutionNode = FALSE
	EndGlobalSection
	GlobalSection(NestedProjects) = preSolution
		{74E0D735-48ED-40F0-AE21-4A45EEBA35E6} = {C534EE36-42AF-4532-94A9-BDDA287BA52E}
		{F5BFD2B8-8433-416B-BEF0-719DC375F404} = {1DC74E23-020D-4279-BB4C-6ECADCE0DB93}
		{7534E10D-3971-42D4-98AF-95C54C23111D} = {C534EE36-42AF-4532-94A9-BDDA287BA52E}
		{9358AFBB-84DA-46F3-BE87-B0D583E9AFDE} = {C534EE36-42AF-4532-94A9-BDDA287BA52E}
		{740DA0C5-221A-44E2-9BC9-5A766B9BCC81} = {1DC74E23-020D-4279-BB4C-6ECADCE0DB93}
		{F4D2EAF0-3F1D-4A20-AC0D-3AAF0028A5C7} = {1DC74E23-020D-4279-BB4C-6ECADCE0DB93}
	EndGlobalSection
EndGlobal
